
Microsoft Visual Studio Solution File, Format Version 12.00
# Visual Studio 15
VisualStudioVersion = 15.0.28010.2016
MinimumVisualStudioVersion = 10.0.40219.1
Project("{9A19103F-16F7-4668-BE54-9A1E7A4F7556}") = "Guflow", "Guflow\Guflow.csproj", "{A4083259-6F3C-4199-B69B-E1010DF82462}"
EndProject
Project("{2150E333-8FDC-42A3-9474-1A3956D46DE8}") = "Tests", "Tests", "{80621396-EE32-492A-8727-89CB7420FFC9}"
EndProject
Project("{9A19103F-16F7-4668-BE54-9A1E7A4F7556}") = "Guflow.IntegrationTests", "Guflow.IntegrationTests\Guflow.IntegrationTests.csproj", "{000EEEC7-6C28-41DA-898C-B963C6AF7F41}"
EndProject
Project("{9A19103F-16F7-4668-BE54-9A1E7A4F7556}") = "Guflow.Tests", "Guflow.Tests\Guflow.Tests.csproj", "{E5B6F451-82BA-4A30-88AE-B0E14C4A38D7}"
EndProject
Project("{2150E333-8FDC-42A3-9474-1A3956D46DE8}") = "Solution Items", "Solution Items", "{E8AF4EA6-14CA-4E6A-8802-1D0C2F49D38F}"
	ProjectSection(SolutionItems) = preProject
		README.md = README.md
	EndProjectSection
EndProject
Project("{2150E333-8FDC-42A3-9474-1A3956D46DE8}") = "Build", "Build", "{DF72CFE0-1369-4AB5-8E2B-C24FFC766449}"
	ProjectSection(SolutionItems) = preProject
		Builds\UpdateNuspec.ps1 = Builds\UpdateNuspec.ps1
	EndProjectSection
EndProject
Project("{9A19103F-16F7-4668-BE54-9A1E7A4F7556}") = "Guflow.Lambda", "Guflow.Lambda\Guflow.Lambda.csproj", "{FC8F1797-CF22-475A-96C1-385A07BB9FD7}"
EndProject
Project("{9A19103F-16F7-4668-BE54-9A1E7A4F7556}") = "ServerlessManualApproval", "..\guflow-samples\ServerlessManualApproval\ServerlessManualApproval.csproj", "{B07F4879-67A2-41C3-B372-5CFE9A8495E2}"
EndProject
Global
	GlobalSection(SolutionConfigurationPlatforms) = preSolution
		Debug|Any CPU = Debug|Any CPU
		Release|Any CPU = Release|Any CPU
	EndGlobalSection
	GlobalSection(ProjectConfigurationPlatforms) = postSolution
		{A4083259-6F3C-4199-B69B-E1010DF82462}.Debug|Any CPU.ActiveCfg = Debug|Any CPU
		{A4083259-6F3C-4199-B69B-E1010DF82462}.Debug|Any CPU.Build.0 = Debug|Any CPU
		{A4083259-6F3C-4199-B69B-E1010DF82462}.Release|Any CPU.ActiveCfg = Release|Any CPU
		{A4083259-6F3C-4199-B69B-E1010DF82462}.Release|Any CPU.Build.0 = Release|Any CPU
		{000EEEC7-6C28-41DA-898C-B963C6AF7F41}.Debug|Any CPU.ActiveCfg = Debug|Any CPU
		{000EEEC7-6C28-41DA-898C-B963C6AF7F41}.Debug|Any CPU.Build.0 = Debug|Any CPU
		{000EEEC7-6C28-41DA-898C-B963C6AF7F41}.Release|Any CPU.ActiveCfg = Release|Any CPU
		{000EEEC7-6C28-41DA-898C-B963C6AF7F41}.Release|Any CPU.Build.0 = Release|Any CPU
		{E5B6F451-82BA-4A30-88AE-B0E14C4A38D7}.Debug|Any CPU.ActiveCfg = Debug|Any CPU
		{E5B6F451-82BA-4A30-88AE-B0E14C4A38D7}.Debug|Any CPU.Build.0 = Debug|Any CPU
		{E5B6F451-82BA-4A30-88AE-B0E14C4A38D7}.Release|Any CPU.ActiveCfg = Release|Any CPU
		{E5B6F451-82BA-4A30-88AE-B0E14C4A38D7}.Release|Any CPU.Build.0 = Release|Any CPU
		{FC8F1797-CF22-475A-96C1-385A07BB9FD7}.Debug|Any CPU.ActiveCfg = Debug|Any CPU
		{FC8F1797-CF22-475A-96C1-385A07BB9FD7}.Debug|Any CPU.Build.0 = Debug|Any CPU
		{FC8F1797-CF22-475A-96C1-385A07BB9FD7}.Release|Any CPU.ActiveCfg = Release|Any CPU
		{FC8F1797-CF22-475A-96C1-385A07BB9FD7}.Release|Any CPU.Build.0 = Release|Any CPU
		{B07F4879-67A2-41C3-B372-5CFE9A8495E2}.Debug|Any CPU.ActiveCfg = Debug|Any CPU
		{B07F4879-67A2-41C3-B372-5CFE9A8495E2}.Debug|Any CPU.Build.0 = Debug|Any CPU
		{B07F4879-67A2-41C3-B372-5CFE9A8495E2}.Release|Any CPU.ActiveCfg = Release|Any CPU
		{B07F4879-67A2-41C3-B372-5CFE9A8495E2}.Release|Any CPU.Build.0 = Release|Any CPU
	EndGlobalSection
	GlobalSection(SolutionProperties) = preSolution
		HideSolutionNode = FALSE
	EndGlobalSection
	GlobalSection(NestedProjects) = preSolution
		{000EEEC7-6C28-41DA-898C-B963C6AF7F41} = {80621396-EE32-492A-8727-89CB7420FFC9}
		{E5B6F451-82BA-4A30-88AE-B0E14C4A38D7} = {80621396-EE32-492A-8727-89CB7420FFC9}
		{FC8F1797-CF22-475A-96C1-385A07BB9FD7} = {80621396-EE32-492A-8727-89CB7420FFC9}
		{B07F4879-67A2-41C3-B372-5CFE9A8495E2} = {80621396-EE32-492A-8727-89CB7420FFC9}
	EndGlobalSection
	GlobalSection(ExtensibilityGlobals) = postSolution
		SolutionGuid = {D76585F9-C4A8-4A78-A94A-6E035C57587C}
	EndGlobalSection
EndGlobal
